// !$*UTF8*$!
{
	archiveVersion = 1;
	classes = {
	};
	objectVersion = 50;
	objects = {

/* Begin PBXBuildFile section */
		692634E122241C700052E2EC /* AppDelegate.swift in Sources */ = {isa = PBXBuildFile; fileRef = 692634E022241C700052E2EC /* AppDelegate.swift */; };
		692634E322241C700052E2EC /* ViewController.swift in Sources */ = {isa = PBXBuildFile; fileRef = 692634E222241C700052E2EC /* ViewController.swift */; };
		692634E622241C700052E2EC /* Main.storyboard in Resources */ = {isa = PBXBuildFile; fileRef = 692634E422241C700052E2EC /* Main.storyboard */; };
		692634E922241C700052E2EC /* swiftTest.xcdatamodeld in Sources */ = {isa = PBXBuildFile; fileRef = 692634E722241C700052E2EC /* swiftTest.xcdatamodeld */; };
		692634EB22241C730052E2EC /* Assets.xcassets in Resources */ = {isa = PBXBuildFile; fileRef = 692634EA22241C730052E2EC /* Assets.xcassets */; };
		692634EE22241C730052E2EC /* LaunchScreen.storyboard in Resources */ = {isa = PBXBuildFile; fileRef = 692634EC22241C730052E2EC /* LaunchScreen.storyboard */; };
		692634F922241C730052E2EC /* swiftTestTests.swift in Sources */ = {isa = PBXBuildFile; fileRef = 692634F822241C730052E2EC /* swiftTestTests.swift */; };
		6926350422241C730052E2EC /* swiftTestUITests.swift in Sources */ = {isa = PBXBuildFile; fileRef = 6926350322241C730052E2EC /* swiftTestUITests.swift */; };
/* End PBXBuildFile section */

/* Begin PBXContainerItemProxy section */
		692634F522241C730052E2EC /* PBXContainerItemProxy */ = {
			isa = PBXContainerItemProxy;
			containerPortal = 692634D522241C700052E2EC /* Project object */;
			proxyType = 1;
			remoteGlobalIDString = 692634DC22241C700052E2EC;
			remoteInfo = swiftTest;
		};
		6926350022241C730052E2EC /* PBXContainerItemProxy */ = {
			isa = PBXContainerItemProxy;
			containerPortal = 692634D522241C700052E2EC /* Project object */;
			proxyType = 1;
			remoteGlobalIDString = 692634DC22241C700052E2EC;
			remoteInfo = swiftTest;
		};
/* End PBXContainerItemProxy section */

/* Begin PBXFileReference section */
		692634DD22241C700052E2EC /* swiftTest.app */ = {isa = PBXFileReference; explicitFileType = wrapper.application; includeInIndex = 0; path = swiftTest.app; sourceTree = BUILT_PRODUCTS_DIR; };
		692634E022241C700052E2EC /* AppDelegate.swift */ = {isa = PBXFileReference; lastKnownFileType = sourcecode.swift; path = AppDelegate.swift; sourceTree = "<group>"; };
		692634E222241C700052E2EC /* ViewController.swift */ = {isa = PBXFileReference; lastKnownFileType = sourcecode.swift; path = ViewController.swift; sourceTree = "<group>"; };
		692634E522241C700052E2EC /* Base */ = {isa = PBXFileReference; lastKnownFileType = file.storyboard; name = Base; path = Base.lproj/Main.storyboard; sourceTree = "<group>"; };
		692634E822241C700052E2EC /* swiftTest.xcdatamodel */ = {isa = PBXFileReference; lastKnownFileType = wrapper.xcdatamodel; path = swiftTest.xcdatamodel; sourceTree = "<group>"; };
		692634EA22241C730052E2EC /* Assets.xcassets */ = {isa = PBXFileReference; lastKnownFileType = folder.assetcatalog; path = Assets.xcassets; sourceTree = "<group>"; };
		692634ED22241C730052E2EC /* Base */ = {isa = PBXFileReference; lastKnownFileType = file.storyboard; name = Base; path = Base.lproj/LaunchScreen.storyboard; sourceTree = "<group>"; };
		692634EF22241C730052E2EC /* Info.plist */ = {isa = PBXFileReference; lastKnownFileType = text.plist.xml; path = Info.plist; sourceTree = "<group>"; };
		692634F422241C730052E2EC /* swiftTestTests.xctest */ = {isa = PBXFileReference; explicitFileType = wrapper.cfbundle; includeInIndex = 0; path = swiftTestTests.xctest; sourceTree = BUILT_PRODUCTS_DIR; };
		692634F822241C730052E2EC /* swiftTestTests.swift */ = {isa = PBXFileReference; lastKnownFileType = sourcecode.swift; path = swiftTestTests.swift; sourceTree = "<group>"; };
		692634FA22241C730052E2EC /* Info.plist */ = {isa = PBXFileReference; lastKnownFileType = text.plist.xml; path = Info.plist; sourceTree = "<group>"; };
		692634FF22241C730052E2EC /* swiftTestUITests.xctest */ = {isa = PBXFileReference; explicitFileType = wrapper.cfbundle; includeInIndex = 0; path = swiftTestUITests.xctest; sourceTree = BUILT_PRODUCTS_DIR; };
		6926350322241C730052E2EC /* swiftTestUITests.swift */ = {isa = PBXFileReference; lastKnownFileType = sourcecode.swift; path = swiftTestUITests.swift; sourceTree = "<group>"; };
		6926350522241C730052E2EC /* Info.plist */ = {isa = PBXFileReference; lastKnownFileType = text.plist.xml; path = Info.plist; sourceTree = "<group>"; };
/* End PBXFileReference section */

/* Begin PBXFrameworksBuildPhase section */
		692634DA22241C700052E2EC /* Frameworks */ = {
			isa = PBXFrameworksBuildPhase;
			buildActionMask = 2147483647;
			files = (
			);
			runOnlyForDeploymentPostprocessing = 0;
		};
		692634F122241C730052E2EC /* Frameworks */ = {
			isa = PBXFrameworksBuildPhase;
			buildActionMask = 2147483647;
			files = (
			);
			runOnlyForDeploymentPostprocessing = 0;
		};
		692634FC22241C730052E2EC /* Frameworks */ = {
			isa = PBXFrameworksBuildPhase;
			buildActionMask = 2147483647;
			files = (
			);
			runOnlyForDeploymentPostprocessing = 0;
		};
/* End PBXFrameworksBuildPhase section */

/* Begin PBXGroup section */
		692634D422241C700052E2EC = {
			isa = PBXGroup;
			children = (
				692634DF22241C700052E2EC /* swiftTest */,
				692634F722241C730052E2EC /* swiftTestTests */,
				6926350222241C730052E2EC /* swiftTestUITests */,
				692634DE22241C700052E2EC /* Products */,
			);
			sourceTree = "<group>";
		};
		692634DE22241C700052E2EC /* Products */ = {
			isa = PBXGroup;
			children = (
				692634DD22241C700052E2EC /* swiftTest.app */,
				692634F422241C730052E2EC /* swiftTestTests.xctest */,
				692634FF22241C730052E2EC /* swiftTestUITests.xctest */,
			);
			name = Products;
			sourceTree = "<group>";
		};
		692634DF22241C700052E2EC /* swiftTest */ = {
			isa = PBXGroup;
			children = (
				692634E022241C700052E2EC /* AppDelegate.swift */,
				692634E222241C700052E2EC /* ViewController.swift */,
				692634E422241C700052E2EC /* Main.storyboard */,
				692634EA22241C730052E2EC /* Assets.xcassets */,
				692634EC22241C730052E2EC /* LaunchScreen.storyboard */,
				692634EF22241C730052E2EC /* Info.plist */,
				692634E722241C700052E2EC /* swiftTest.xcdatamodeld */,
			);
			path = swiftTest;
			sourceTree = "<group>";
		};
		692634F722241C730052E2EC /* swiftTestTests */ = {
			isa = PBXGroup;
			children = (
				692634F822241C730052E2EC /* swiftTestTests.swift */,
				692634FA22241C730052E2EC /* Info.plist */,
			);
			path = swiftTestTests;
			sourceTree = "<group>";
		};
		6926350222241C730052E2EC /* swiftTestUITests */ = {
			isa = PBXGroup;
			children = (
				6926350322241C730052E2EC /* swiftTestUITests.swift */,
				6926350522241C730052E2EC /* Info.plist */,
			);
			path = swiftTestUITests;
			sourceTree = "<group>";
		};
/* End PBXGroup section */

/* Begin PBXNativeTarget section */
		692634DC22241C700052E2EC /* swiftTest */ = {
			isa = PBXNativeTarget;
			buildConfigurationList = 6926350822241C730052E2EC /* Build configuration list for PBXNativeTarget "swiftTest" */;
			buildPhases = (
				692634D922241C700052E2EC /* Sources */,
				692634DA22241C700052E2EC /* Frameworks */,
				692634DB22241C700052E2EC /* Resources */,
			);
			buildRules = (
			);
			dependencies = (
			);
			name = swiftTest;
			productName = swiftTest;
			productReference = 692634DD22241C700052E2EC /* swiftTest.app */;
			productType = "com.apple.product-type.application";
		};
		692634F322241C730052E2EC /* swiftTestTests */ = {
			isa = PBXNativeTarget;
			buildConfigurationList = 6926350B22241C730052E2EC /* Build configuration list for PBXNativeTarget "swiftTestTests" */;
			buildPhases = (
				692634F022241C730052E2EC /* Sources */,
				692634F122241C730052E2EC /* Frameworks */,
				692634F222241C730052E2EC /* Resources */,
			);
			buildRules = (
			);
			dependencies = (
				692634F622241C730052E2EC /* PBXTargetDependency */,
			);
			name = swiftTestTests;
			productName = swiftTestTests;
			productReference = 692634F422241C730052E2EC /* swiftTestTests.xctest */;
			productType = "com.apple.product-type.bundle.unit-test";
		};
		692634FE22241C730052E2EC /* swiftTestUITests */ = {
			isa = PBXNativeTarget;
			buildConfigurationList = 6926350E22241C730052E2EC /* Build configuration list for PBXNativeTarget "swiftTestUITests" */;
			buildPhases = (
				692634FB22241C730052E2EC /* Sources */,
				692634FC22241C730052E2EC /* Frameworks */,
				692634FD22241C730052E2EC /* Resources */,
			);
			buildRules = (
			);
			dependencies = (
				6926350122241C730052E2EC /* PBXTargetDependency */,
			);
			name = swiftTestUITests;
			productName = swiftTestUITests;
			productReference = 692634FF22241C730052E2EC /* swiftTestUITests.xctest */;
			productType = "com.apple.product-type.bundle.ui-testing";
		};
/* End PBXNativeTarget section */

/* Begin PBXProject section */
		692634D522241C700052E2EC /* Project object */ = {
			isa = PBXProject;
			attributes = {
				LastSwiftUpdateCheck = 1010;
				LastUpgradeCheck = 1010;
				ORGANIZATIONNAME = "韦骏";
				TargetAttributes = {
					692634DC22241C700052E2EC = {
						CreatedOnToolsVersion = 10.1;
					};
					692634F322241C730052E2EC = {
						CreatedOnToolsVersion = 10.1;
						TestTargetID = 692634DC22241C700052E2EC;
					};
					692634FE22241C730052E2EC = {
						CreatedOnToolsVersion = 10.1;
						TestTargetID = 692634DC22241C700052E2EC;
					};
				};
			};
			buildConfigurationList = 692634D822241C700052E2EC /* Build configuration list for PBXProject "swiftTest" */;
			compatibilityVersion = "Xcode 9.3";
			developmentRegion = en;
			hasScannedForEncodings = 0;
			knownRegions = (
				en,
				Base,
			);
			mainGroup = 692634D422241C700052E2EC;
			productRefGroup = 692634DE22241C700052E2EC /* Products */;
			projectDirPath = "";
			projectRoot = "";
			targets = (
				692634DC22241C700052E2EC /* swiftTest */,
				692634F322241C730052E2EC /* swiftTestTests */,
				692634FE22241C730052E2EC /* swiftTestUITests */,
			);
		};
/* End PBXProject section */

/* Begin PBXResourcesBuildPhase section */
		692634DB22241C700052E2EC /* Resources */ = {
			isa = PBXResourcesBuildPhase;
			buildActionMask = 2147483647;
			files = (
				692634EE22241C730052E2EC /* LaunchScreen.storyboard in Resources */,
				692634EB22241C730052E2EC /* Assets.xcassets in Resources */,
				692634E622241C700052E2EC /* Main.storyboard in Resources */,
			);
			runOnlyForDeploymentPostprocessing = 0;
		};
		692634F222241C730052E2EC /* Resources */ = {
			isa = PBXResourcesBuildPhase;
			buildActionMask = 2147483647;
			files = (
			);
			runOnlyForDeploymentPostprocessing = 0;
		};
		692634FD22241C730052E2EC /* Resources */ = {
			isa = PBXResourcesBuildPhase;
			buildActionMask = 2147483647;
			files = (
			);
			runOnlyForDeploymentPostprocessing = 0;
		};
/* End PBXResourcesBuildPhase section */

/* Begin PBXSourcesBuildPhase section */
		692634D922241C700052E2EC /* Sources */ = {
			isa = PBXSourcesBuildPhase;
			buildActionMask = 2147483647;
			files = (
				692634E322241C700052E2EC /* ViewController.swift in Sources */,
				692634E922241C700052E2EC /* swiftTest.xcdatamodeld in Sources */,
				692634E122241C700052E2EC /* AppDelegate.swift in Sources */,
			);
			runOnlyForDeploymentPostprocessing = 0;
		};
		692634F022241C730052E2EC /* Sources */ = {
			isa = PBXSourcesBuildPhase;
			buildActionMask = 2147483647;
			files = (
				692634F922241C730052E2EC /* swiftTestTests.swift in Sources */,
			);
			runOnlyForDeploymentPostprocessing = 0;
		};
		692634FB22241C730052E2EC /* Sources */ = {
			isa = PBXSourcesBuildPhase;
			buildActionMask = 2147483647;
			files = (
				6926350422241C730052E2EC /* swiftTestUITests.swift in Sources */,
			);
			runOnlyForDeploymentPostprocessing = 0;
		};
/* End PBXSourcesBuildPhase section */

/* Begin PBXTargetDependency section */
		692634F622241C730052E2EC /* PBXTargetDependency */ = {
			isa = PBXTargetDependency;
			target = 692634DC22241C700052E2EC /* swiftTest */;
			targetProxy = 692634F522241C730052E2EC /* PBXContainerItemProxy */;
		};
		6926350122241C730052E2EC /* PBXTargetDependency */ = {
			isa = PBXTargetDependency;
			target = 692634DC22241C700052E2EC /* swiftTest */;
			targetProxy = 6926350022241C730052E2EC /* PBXContainerItemProxy */;
		};
/* End PBXTargetDependency section */

/* Begin PBXVariantGroup section */
		692634E422241C700052E2EC /* Main.storyboard */ = {
			isa = PBXVariantGroup;
			children = (
				692634E522241C700052E2EC /* Base */,
			);
			name = Main.storyboard;
			sourceTree = "<group>";
		};
		692634EC22241C730052E2EC /* LaunchScreen.storyboard */ = {
			isa = PBXVariantGroup;
			children = (
				692634ED22241C730052E2EC /* Base */,
			);
			name = LaunchScreen.storyboard;
			sourceTree = "<group>";
		};
/* End PBXVariantGroup section */

/* Begin XCBuildConfiguration section */
		6926350622241C730052E2EC /* Debug */ = {
			isa = XCBuildConfiguration;
			buildSettings = {
				ALWAYS_SEARCH_USER_PATHS = NO;
				CLANG_ANALYZER_NONNULL = YES;
				CLANG_ANALYZER_NUMBER_OBJECT_CONVERSION = YES_AGGRESSIVE;
				CLANG_CXX_LANGUAGE_STANDARD = "gnu++14";
				CLANG_CXX_LIBRARY = "libc++";
				CLANG_ENABLE_MODULES = YES;
				CLANG_ENABLE_OBJC_ARC = YES;
				CLANG_ENABLE_OBJC_WEAK = YES;
				CLANG_WARN_BLOCK_CAPTURE_AUTORELEASING = YES;
				CLANG_WARN_BOOL_CONVERSION = YES;
				CLANG_WARN_COMMA = YES;
				CLANG_WARN_CONSTANT_CONVERSION = YES;
				CLANG_WARN_DEPRECATED_OBJC_IMPLEMENTATIONS = YES;
				CLANG_WARN_DIRECT_OBJC_ISA_USAGE = YES_ERROR;
				CLANG_WARN_DOCUMENTATION_COMMENTS = YES;
				CLANG_WARN_EMPTY_BODY = YES;
				CLANG_WARN_ENUM_CONVERSION = YES;
				CLANG_WARN_INFINITE_RECURSION = YES;
				CLANG_WARN_INT_CONVERSION = YES;
				CLANG_WARN_NON_LITERAL_NULL_CONVERSION = YES;
				CLANG_WARN_OBJC_IMPLICIT_RETAIN_SELF = YES;
				CLANG_WARN_OBJC_LITERAL_CONVERSION = YES;
				CLANG_WARN_OBJC_ROOT_CLASS = YES_ERROR;
				CLANG_WARN_RANGE_LOOP_ANALYSIS = YES;
				CLANG_WARN_STRICT_PROTOTYPES = YES;
				CLANG_WARN_SUSPICIOUS_MOVE = YES;
				CLANG_WARN_UNGUARDED_AVAILABILITY = YES_AGGRESSIVE;
				CLANG_WARN_UNREACHABLE_CODE = YES;
				CLANG_WARN__DUPLICATE_METHOD_MATCH = YES;
				CODE_SIGN_IDENTITY = "iPhone Developer";
				COPY_PHASE_STRIP = NO;
				DEBUG_INFORMATION_FORMAT = dwarf;
				ENABLE_STRICT_OBJC_MSGSEND = YES;
				ENABLE_TESTABILITY = YES;
				GCC_C_LANGUAGE_STANDARD = gnu11;
				GCC_DYNAMIC_NO_PIC = NO;
				GCC_NO_COMMON_BLOCKS = YES;
				GCC_OPTIMIZATION_LEVEL = 0;
				GCC_PREPROCESSOR_DEFINITIONS = (
					"DEBUG=1",
					"$(inherited)",
				);
				GCC_WARN_64_TO_32_BIT_CONVERSION = YES;
				GCC_WARN_ABOUT_RETURN_TYPE = YES_ERROR;
				GCC_WARN_UNDECLARED_SELECTOR = YES;
				GCC_WARN_UNINITIALIZED_AUTOS = YES_AGGRESSIVE;
				GCC_WARN_UNUSED_FUNCTION = YES;
				GCC_WARN_UNUSED_VARIABLE = YES;
				IPHONEOS_DEPLOYMENT_TARGET = 12.1;
				MTL_ENABLE_DEBUG_INFO = INCLUDE_SOURCE;
				MTL_FAST_MATH = YES;
				ONLY_ACTIVE_ARCH = YES;
				SDKROOT = iphoneos;
				SWIFT_ACTIVE_COMPILATION_CONDITIONS = DEBUG;
				SWIFT_OPTIMIZATION_LEVEL = "-Onone";
			};
			name = Debug;
		};
		6926350722241C730052E2EC /* Release */ = {
			isa = XCBuildConfiguration;
			buildSettings = {
				ALWAYS_SEARCH_USER_PATHS = NO;
				CLANG_ANALYZER_NONNULL = YES;
				CLANG_ANALYZER_NUMBER_OBJECT_CONVERSION = YES_AGGRESSIVE;
				CLANG_CXX_LANGUAGE_STANDARD = "gnu++14";
				CLANG_CXX_LIBRARY = "libc++";
				CLANG_ENABLE_MODULES = YES;
				CLANG_ENABLE_OBJC_ARC = YES;
				CLANG_ENABLE_OBJC_WEAK = YES;
				CLANG_WARN_BLOCK_CAPTURE_AUTORELEASING = YES;
				CLANG_WARN_BOOL_CONVERSION = YES;
				CLANG_WARN_COMMA = YES;
				CLANG_WARN_CONSTANT_CONVERSION = YES;
				CLANG_WARN_DEPRECATED_OBJC_IMPLEMENTATIONS = YES;
				CLANG_WARN_DIRECT_OBJC_ISA_USAGE = YES_ERROR;
				CLANG_WARN_DOCUMENTATION_COMMENTS = YES;
				CLANG_WARN_EMPTY_BODY = YES;
				CLANG_WARN_ENUM_CONVERSION = YES;
				CLANG_WARN_INFINITE_RECURSION = YES;
				CLANG_WARN_INT_CONVERSION = YES;
				CLANG_WARN_NON_LITERAL_NULL_CONVERSION = YES;
				CLANG_WARN_OBJC_IMPLICIT_RETAIN_SELF = YES;
				CLANG_WARN_OBJC_LITERAL_CONVERSION = YES;
				CLANG_WARN_OBJC_ROOT_CLASS = YES_ERROR;
				CLANG_WARN_RANGE_LOOP_ANALYSIS = YES;
				CLANG_WARN_STRICT_PROTOTYPES = YES;
				CLANG_WARN_SUSPICIOUS_MOVE = YES;
				CLANG_WARN_UNGUARDED_AVAILABILITY = YES_AGGRESSIVE;
				CLANG_WARN_UNREACHABLE_CODE = YES;
				CLANG_WARN__DUPLICATE_METHOD_MATCH = YES;
				CODE_SIGN_IDENTITY = "iPhone Developer";
				COPY_PHASE_STRIP = NO;
				DEBUG_INFORMATION_FORMAT = "dwarf-with-dsym";
				ENABLE_NS_ASSERTIONS = NO;
				ENABLE_STRICT_OBJC_MSGSEND = YES;
				GCC_C_LANGUAGE_STANDARD = gnu11;
				GCC_NO_COMMON_BLOCKS = YES;
				GCC_WARN_64_TO_32_BIT_CONVERSION = YES;
				GCC_WARN_ABOUT_RETURN_TYPE = YES_ERROR;
				GCC_WARN_UNDECLARED_SELECTOR = YES;
				GCC_WARN_UNINITIALIZED_AUTOS = YES_AGGRESSIVE;
				GCC_WARN_UNUSED_FUNCTION = YES;
				GCC_WARN_UNUSED_VARIABLE = YES;
				IPHONEOS_DEPLOYMENT_TARGET = 12.1;
				MTL_ENABLE_DEBUG_INFO = NO;
				MTL_FAST_MATH = YES;
				SDKROOT = iphoneos;
				SWIFT_COMPILATION_MODE = wholemodule;
				SWIFT_OPTIMIZATION_LEVEL = "-O";
				VALIDATE_PRODUCT = YES;
			};
			name = Release;
		};
		6926350922241C730052E2EC /* Debug */ = {
			isa = XCBuildConfiguration;
			buildSettings = {
				ASSETCATALOG_COMPILER_APPICON_NAME = AppIcon;
				CODE_SIGN_STYLE = Automatic;
				DEVELOPMENT_TEAM = VRG48K72U3;
				INFOPLIST_FILE = swiftTest/Info.plist;
				LD_RUNPATH_SEARCH_PATHS = (
					"$(inherited)",
					"@executable_path/Frameworks",
				);
				PRODUCT_BUNDLE_IDENTIFIER = www.test.com.swiftTest;
				PRODUCT_NAME = "$(TARGET_NAME)";
				SWIFT_VERSION = 4.2;
				TARGETED_DEVICE_FAMILY = "1,2";
			};
			name = Debug;
		};
		6926350A22241C730052E2EC /* Release */ = {
			isa = XCBuildConfiguration;
			buildSettings = {
				ASSETCATALOG_COMPILER_APPICON_NAME = AppIcon;
				CODE_SIGN_STYLE = Automatic;
				DEVELOPMENT_TEAM = VRG48K72U3;
				INFOPLIST_FILE = swiftTest/Info.plist;
				LD_RUNPATH_SEARCH_PATHS = (
					"$(inherited)",
					"@executable_path/Frameworks",
				);
				PRODUCT_BUNDLE_IDENTIFIER = www.test.com.swiftTest;
				PRODUCT_NAME = "$(TARGET_NAME)";
				SWIFT_VERSION = 4.2;
				TARGETED_DEVICE_FAMILY = "1,2";
			};
			name = Release;
		};
		6926350C22241C730052E2EC /* Debug */ = {
			isa = XCBuildConfiguration;
			buildSettings = {
				ALWAYS_EMBED_SWIFT_STANDARD_LIBRARIES = YES;
				BUNDLE_LOADER = "$(TEST_HOST)";
				CODE_SIGN_STYLE = Automatic;
				DEVELOPMENT_TEAM = VRG48K72U3;
				INFOPLIST_FILE = swiftTestTests/Info.plist;
				LD_RUNPATH_SEARCH_PATHS = (
					"$(inherited)",
					"@executable_path/Frameworks",
					"@loader_path/Frameworks",
				);
				PRODUCT_BUNDLE_IDENTIFIER = www.test.com.swiftTestTests;
				PRODUCT_NAME = "$(TARGET_NAME)";
				SWIFT_VERSION = 4.2;
				TARGETED_DEVICE_FAMILY = "1,2";
				TEST_HOST = "$(BUILT_PRODUCTS_DIR)/swiftTest.app/swiftTest";
			};
			name = Debug;
		};
		6926350D22241C730052E2EC /* Release */ = {
			isa = XCBuildConfiguration;
			buildSettings = {
				ALWAYS_EMBED_SWIFT_STANDARD_LIBRARIES = YES;
				BUNDLE_LOADER = "$(TEST_HOST)";
				CODE_SIGN_STYLE = Automatic;
				DEVELOPMENT_TEAM = VRG48K72U3;
				INFOPLIST_FILE = swiftTestTests/Info.plist;
				LD_RUNPATH_SEARCH_PATHS = (
					"$(inherited)",
					"@executable_path/Frameworks",
					"@loader_path/Frameworks",
				);
				PRODUCT_BUNDLE_IDENTIFIER = www.test.com.swiftTestTests;
				PRODUCT_NAME = "$(TARGET_NAME)";
				SWIFT_VERSION = 4.2;
				TARGETED_DEVICE_FAMILY = "1,2";
				TEST_HOST = "$(BUILT_PRODUCTS_DIR)/swiftTest.app/swiftTest";
			};
			name = Release;
		};
		6926350F22241C730052E2EC /* Debug */ = {
			isa = XCBuildConfiguration;
			buildSettings = {
				ALWAYS_EMBED_SWIFT_STANDARD_LIBRARIES = YES;
				CODE_SIGN_STYLE = Automatic;
				DEVELOPMENT_TEAM = VRG48K72U3;
				INFOPLIST_FILE = swiftTestUITests/Info.plist;
				LD_RUNPATH_SEARCH_PATHS = (
					"$(inherited)",
					"@executable_path/Frameworks",
					"@loader_path/Frameworks",
				);
				PRODUCT_BUNDLE_IDENTIFIER = www.test.com.swiftTestUITests;
				PRODUCT_NAME = "$(TARGET_NAME)";
				SWIFT_VERSION = 4.2;
				TARGETED_DEVICE_FAMILY = "1,2";
				TEST_TARGET_NAME = swiftTest;
			};
			name = Debug;
		};
		6926351022241C730052E2EC /* Release */ = {
			isa = XCBuildConfiguration;
			buildSettings = {
				ALWAYS_EMBED_SWIFT_STANDARD_LIBRARIES = YES;
				CODE_SIGN_STYLE = Automatic;
				DEVELOPMENT_TEAM = VRG48K72U3;
				INFOPLIST_FILE = swiftTestUITests/Info.plist;
				LD_RUNPATH_SEARCH_PATHS = (
					"$(inherited)",
					"@executable_path/Frameworks",
					"@loader_path/Frameworks",
				);
				PRODUCT_BUNDLE_IDENTIFIER = www.test.com.swiftTestUITests;
				PRODUCT_NAME = "$(TARGET_NAME)";
				SWIFT_VERSION = 4.2;
				TARGETED_DEVICE_FAMILY = "1,2";
				TEST_TARGET_NAME = swiftTest;
			};
			name = Release;
		};
/* End XCBuildConfiguration section */

/* Begin XCConfigurationList section */
		692634D822241C700052E2EC /* Build configuration list for PBXProject "swiftTest" */ = {
			isa = XCConfigurationList;
			buildConfigurations = (
				6926350622241C730052E2EC /* Debug */,
				6926350722241C730052E2EC /* Release */,
			);
			defaultConfigurationIsVisible = 0;
			defaultConfigurationName = Release;
		};
		6926350822241C730052E2EC /* Build configuration list for PBXNativeTarget "swiftTest" */ = {
			isa = XCConfigurationList;
			buildConfigurations = (
				6926350922241C730052E2EC /* Debug */,
				6926350A22241C730052E2EC /* Release */,
			);
			defaultConfigurationIsVisible = 0;
			defaultConfigurationName = Release;
		};
		6926350B22241C730052E2EC /* Build configuration list for PBXNativeTarget "swiftTestTests" */ = {
			isa = XCConfigurationList;
			buildConfigurations = (
				6926350C22241C730052E2EC /* Debug */,
				6926350D22241C730052E2EC /* Release */,
			);
			defaultConfigurationIsVisible = 0;
			defaultConfigurationName = Release;
		};
		6926350E22241C730052E2EC /* Build configuration list for PBXNativeTarget "swiftTestUITests" */ = {
			isa = XCConfigurationList;
			buildConfigurations = (
				6926350F22241C730052E2EC /* Debug */,
				6926351022241C730052E2EC /* Release */,
			);
			defaultConfigurationIsVisible = 0;
			defaultConfigurationName = Release;
		};
/* End XCConfigurationList section */

/* Begin XCVersionGroup section */
		692634E722241C700052E2EC /* swiftTest.xcdatamodeld */ = {
			isa = XCVersionGroup;
			children = (
				692634E822241C700052E2EC /* swiftTest.xcdatamodel */,
			);
			currentVersion = 692634E822241C700052E2EC /* swiftTest.xcdatamodel */;
			path = swiftTest.xcdatamodeld;
			sourceTree = "<group>";
			versionGroupType = wrapper.xcdatamodel;
		};
/* End XCVersionGroup section */
	};
	rootObject = 692634D522241C700052E2EC /* Project object */;
}
